// !$*UTF8*$!
{
	archiveVersion = 1;
	classes = {
	};
	objectVersion = 46;
	objects = {

/* Begin PBXBuildFile section */
		8D49370E1F00B7750035E913 /* BLDIYTrasitionAnimation.m in Sources */ = {isa = PBXBuildFile; fileRef = 8D49370D1F00B7750035E913 /* BLDIYTrasitionAnimation.m */; };
		8DE577F91EFB9A3200DBCE6E /* main.m in Sources */ = {isa = PBXBuildFile; fileRef = 8DE577F81EFB9A3200DBCE6E /* main.m */; };
		8DE577FC1EFB9A3200DBCE6E /* AppDelegate.m in Sources */ = {isa = PBXBuildFile; fileRef = 8DE577FB1EFB9A3200DBCE6E /* AppDelegate.m */; };
		8DE577FF1EFB9A3200DBCE6E /* ViewController.m in Sources */ = {isa = PBXBuildFile; fileRef = 8DE577FE1EFB9A3200DBCE6E /* ViewController.m */; };
		8DE578021EFB9A3200DBCE6E /* Main.storyboard in Resources */ = {isa = PBXBuildFile; fileRef = 8DE578001EFB9A3200DBCE6E /* Main.storyboard */; };
		8DE578041EFB9A3200DBCE6E /* Assets.xcassets in Resources */ = {isa = PBXBuildFile; fileRef = 8DE578031EFB9A3200DBCE6E /* Assets.xcassets */; };
		8DE578071EFB9A3200DBCE6E /* LaunchScreen.storyboard in Resources */ = {isa = PBXBuildFile; fileRef = 8DE578051EFB9A3200DBCE6E /* LaunchScreen.storyboard */; };
		8DE578121EFB9A3200DBCE6E /* BLTransitionAnimatorLibTests.m in Sources */ = {isa = PBXBuildFile; fileRef = 8DE578111EFB9A3200DBCE6E /* BLTransitionAnimatorLibTests.m */; };
		8DE5781D1EFB9A3200DBCE6E /* BLTransitionAnimatorLibUITests.m in Sources */ = {isa = PBXBuildFile; fileRef = 8DE5781C1EFB9A3200DBCE6E /* BLTransitionAnimatorLibUITests.m */; };
		8DE578701EFB9AD500DBCE6E /* BLPushTransitionAnimator.m in Sources */ = {isa = PBXBuildFile; fileRef = 8DE578671EFB9AD500DBCE6E /* BLPushTransitionAnimator.m */; };
		8DE578711EFB9AD500DBCE6E /* BLPresentTransitionAnimator.m in Sources */ = {isa = PBXBuildFile; fileRef = 8DE578691EFB9AD500DBCE6E /* BLPresentTransitionAnimator.m */; };
		8DE578721EFB9AD500DBCE6E /* BLTabBarTransitionAnimator.m in Sources */ = {isa = PBXBuildFile; fileRef = 8DE5786B1EFB9AD500DBCE6E /* BLTabBarTransitionAnimator.m */; };
		8DE578731EFB9AD500DBCE6E /* BLTransitionInteraction.m in Sources */ = {isa = PBXBuildFile; fileRef = 8DE5786D1EFB9AD500DBCE6E /* BLTransitionInteraction.m */; };
		8DE5787E1EFB9AE000DBCE6E /* tab@2x.png in Resources */ = {isa = PBXBuildFile; fileRef = 8DE578751EFB9AE000DBCE6E /* tab@2x.png */; };
		8DE5787F1EFB9AE000DBCE6E /* LeftVC.m in Sources */ = {isa = PBXBuildFile; fileRef = 8DE578771EFB9AE000DBCE6E /* LeftVC.m */; };
		8DE578801EFB9AE000DBCE6E /* MiddleVC.m in Sources */ = {isa = PBXBuildFile; fileRef = 8DE578791EFB9AE000DBCE6E /* MiddleVC.m */; };
		8DE578811EFB9AE000DBCE6E /* RightVC.m in Sources */ = {isa = PBXBuildFile; fileRef = 8DE5787B1EFB9AE000DBCE6E /* RightVC.m */; };
		8DE578821EFB9AE000DBCE6E /* TarBarMainVC.m in Sources */ = {isa = PBXBuildFile; fileRef = 8DE5787D1EFB9AE000DBCE6E /* TarBarMainVC.m */; };
		8DE578851EFB9BFE00DBCE6E /* PushVC.m in Sources */ = {isa = PBXBuildFile; fileRef = 8DE578841EFB9BFE00DBCE6E /* PushVC.m */; };
		8DE578881EFB9C1000DBCE6E /* PushSecondVC.m in Sources */ = {isa = PBXBuildFile; fileRef = 8DE578871EFB9C1000DBCE6E /* PushSecondVC.m */; };
		8DE5788B1EFB9C2000DBCE6E /* PresentVC.m in Sources */ = {isa = PBXBuildFile; fileRef = 8DE5788A1EFB9C2000DBCE6E /* PresentVC.m */; };
		8DE5788E1EFB9C3200DBCE6E /* PresentSecondVC.m in Sources */ = {isa = PBXBuildFile; fileRef = 8DE5788D1EFB9C3200DBCE6E /* PresentSecondVC.m */; };
		8DE578901EFBA31300DBCE6E /* Present.storyboard in Resources */ = {isa = PBXBuildFile; fileRef = 8DE5788F1EFBA31300DBCE6E /* Present.storyboard */; };
		8DE578921EFBA31D00DBCE6E /* Push.storyboard in Resources */ = {isa = PBXBuildFile; fileRef = 8DE578911EFBA31D00DBCE6E /* Push.storyboard */; };
		8DE578961EFBC10200DBCE6E /* UIViewController+BLPresentTrasition.m in Sources */ = {isa = PBXBuildFile; fileRef = 8DE578951EFBC10200DBCE6E /* UIViewController+BLPresentTrasition.m */; };
		8DE578991EFBC4BA00DBCE6E /* UINavigationController+BLPushTrasition.m in Sources */ = {isa = PBXBuildFile; fileRef = 8DE578981EFBC4BA00DBCE6E /* UINavigationController+BLPushTrasition.m */; };
/* End PBXBuildFile section */

/* Begin PBXContainerItemProxy section */
		8DE5780E1EFB9A3200DBCE6E /* PBXContainerItemProxy */ = {
			isa = PBXContainerItemProxy;
			containerPortal = 8DE577EC1EFB9A3200DBCE6E /* Project object */;
			proxyType = 1;
			remoteGlobalIDString = 8DE577F31EFB9A3200DBCE6E;
			remoteInfo = BLTransitionAnimatorLib;
		};
		8DE578191EFB9A3200DBCE6E /* PBXContainerItemProxy */ = {
			isa = PBXContainerItemProxy;
			containerPortal = 8DE577EC1EFB9A3200DBCE6E /* Project object */;
			proxyType = 1;
			remoteGlobalIDString = 8DE577F31EFB9A3200DBCE6E;
			remoteInfo = BLTransitionAnimatorLib;
		};
/* End PBXContainerItemProxy section */

/* Begin PBXFileReference section */
		8D49370C1F00B7750035E913 /* BLDIYTrasitionAnimation.h */ = {isa = PBXFileReference; fileEncoding = 4; lastKnownFileType = sourcecode.c.h; path = BLDIYTrasitionAnimation.h; sourceTree = "<group>"; };
		8D49370D1F00B7750035E913 /* BLDIYTrasitionAnimation.m */ = {isa = PBXFileReference; fileEncoding = 4; lastKnownFileType = sourcecode.c.objc; path = BLDIYTrasitionAnimation.m; sourceTree = "<group>"; };
		8DE577F41EFB9A3200DBCE6E /* BLTransitionAnimatorLib.app */ = {isa = PBXFileReference; explicitFileType = wrapper.application; includeInIndex = 0; path = BLTransitionAnimatorLib.app; sourceTree = BUILT_PRODUCTS_DIR; };
		8DE577F81EFB9A3200DBCE6E /* main.m */ = {isa = PBXFileReference; lastKnownFileType = sourcecode.c.objc; path = main.m; sourceTree = "<group>"; };
		8DE577FA1EFB9A3200DBCE6E /* AppDelegate.h */ = {isa = PBXFileReference; lastKnownFileType = sourcecode.c.h; path = AppDelegate.h; sourceTree = "<group>"; };
		8DE577FB1EFB9A3200DBCE6E /* AppDelegate.m */ = {isa = PBXFileReference; lastKnownFileType = sourcecode.c.objc; path = AppDelegate.m; sourceTree = "<group>"; };
		8DE577FD1EFB9A3200DBCE6E /* ViewController.h */ = {isa = PBXFileReference; lastKnownFileType = sourcecode.c.h; path = ViewController.h; sourceTree = "<group>"; };
		8DE577FE1EFB9A3200DBCE6E /* ViewController.m */ = {isa = PBXFileReference; lastKnownFileType = sourcecode.c.objc; path = ViewController.m; sourceTree = "<group>"; };
		8DE578011EFB9A3200DBCE6E /* Base */ = {isa = PBXFileReference; lastKnownFileType = file.storyboard; name = Base; path = Base.lproj/Main.storyboard; sourceTree = "<group>"; };
		8DE578031EFB9A3200DBCE6E /* Assets.xcassets */ = {isa = PBXFileReference; lastKnownFileType = folder.assetcatalog; path = Assets.xcassets; sourceTree = "<group>"; };
		8DE578061EFB9A3200DBCE6E /* Base */ = {isa = PBXFileReference; lastKnownFileType = file.storyboard; name = Base; path = Base.lproj/LaunchScreen.storyboard; sourceTree = "<group>"; };
		8DE578081EFB9A3200DBCE6E /* Info.plist */ = {isa = PBXFileReference; lastKnownFileType = text.plist.xml; path = Info.plist; sourceTree = "<group>"; };
		8DE5780D1EFB9A3200DBCE6E /* BLTransitionAnimatorLibTests.xctest */ = {isa = PBXFileReference; explicitFileType = wrapper.cfbundle; includeInIndex = 0; path = BLTransitionAnimatorLibTests.xctest; sourceTree = BUILT_PRODUCTS_DIR; };
		8DE578111EFB9A3200DBCE6E /* BLTransitionAnimatorLibTests.m */ = {isa = PBXFileReference; lastKnownFileType = sourcecode.c.objc; path = BLTransitionAnimatorLibTests.m; sourceTree = "<group>"; };
		8DE578131EFB9A3200DBCE6E /* Info.plist */ = {isa = PBXFileReference; lastKnownFileType = text.plist.xml; path = Info.plist; sourceTree = "<group>"; };
		8DE578181EFB9A3200DBCE6E /* BLTransitionAnimatorLibUITests.xctest */ = {isa = PBXFileReference; explicitFileType = wrapper.cfbundle; includeInIndex = 0; path = BLTransitionAnimatorLibUITests.xctest; sourceTree = BUILT_PRODUCTS_DIR; };
		8DE5781C1EFB9A3200DBCE6E /* BLTransitionAnimatorLibUITests.m */ = {isa = PBXFileReference; lastKnownFileType = sourcecode.c.objc; path = BLTransitionAnimatorLibUITests.m; sourceTree = "<group>"; };
		8DE5781E1EFB9A3200DBCE6E /* Info.plist */ = {isa = PBXFileReference; lastKnownFileType = text.plist.xml; path = Info.plist; sourceTree = "<group>"; };
		8DE578641EFB9AD500DBCE6E /* BLTransitionAnimator.h */ = {isa = PBXFileReference; fileEncoding = 4; lastKnownFileType = sourcecode.c.h; path = BLTransitionAnimator.h; sourceTree = "<group>"; };
		8DE578651EFB9AD500DBCE6E /* BLTrasitionAnimatorConfig.h */ = {isa = PBXFileReference; fileEncoding = 4; lastKnownFileType = sourcecode.c.h; path = BLTrasitionAnimatorConfig.h; sourceTree = "<group>"; };
		8DE578661EFB9AD500DBCE6E /* BLPushTransitionAnimator.h */ = {isa = PBXFileReference; fileEncoding = 4; lastKnownFileType = sourcecode.c.h; path = BLPushTransitionAnimator.h; sourceTree = "<group>"; };
		8DE578671EFB9AD500DBCE6E /* BLPushTransitionAnimator.m */ = {isa = PBXFileReference; fileEncoding = 4; lastKnownFileType = sourcecode.c.objc; path = BLPushTransitionAnimator.m; sourceTree = "<group>"; };
		8DE578681EFB9AD500DBCE6E /* BLPresentTransitionAnimator.h */ = {isa = PBXFileReference; fileEncoding = 4; lastKnownFileType = sourcecode.c.h; path = BLPresentTransitionAnimator.h; sourceTree = "<group>"; };
		8DE578691EFB9AD500DBCE6E /* BLPresentTransitionAnimator.m */ = {isa = PBXFileReference; fileEncoding = 4; lastKnownFileType = sourcecode.c.objc; path = BLPresentTransitionAnimator.m; sourceTree = "<group>"; };
		8DE5786A1EFB9AD500DBCE6E /* BLTabBarTransitionAnimator.h */ = {isa = PBXFileReference; fileEncoding = 4; lastKnownFileType = sourcecode.c.h; path = BLTabBarTransitionAnimator.h; sourceTree = "<group>"; };
		8DE5786B1EFB9AD500DBCE6E /* BLTabBarTransitionAnimator.m */ = {isa = PBXFileReference; fileEncoding = 4; lastKnownFileType = sourcecode.c.objc; path = BLTabBarTransitionAnimator.m; sourceTree = "<group>"; };
		8DE5786C1EFB9AD500DBCE6E /* BLTransitionInteraction.h */ = {isa = PBXFileReference; fileEncoding = 4; lastKnownFileType = sourcecode.c.h; path = BLTransitionInteraction.h; sourceTree = "<group>"; };
		8DE5786D1EFB9AD500DBCE6E /* BLTransitionInteraction.m */ = {isa = PBXFileReference; fileEncoding = 4; lastKnownFileType = sourcecode.c.objc; path = BLTransitionInteraction.m; sourceTree = "<group>"; };
		8DE578751EFB9AE000DBCE6E /* tab@2x.png */ = {isa = PBXFileReference; lastKnownFileType = image.png; path = "tab@2x.png"; sourceTree = "<group>"; };
		8DE578761EFB9AE000DBCE6E /* LeftVC.h */ = {isa = PBXFileReference; fileEncoding = 4; lastKnownFileType = sourcecode.c.h; path = LeftVC.h; sourceTree = "<group>"; };
		8DE578771EFB9AE000DBCE6E /* LeftVC.m */ = {isa = PBXFileReference; fileEncoding = 4; lastKnownFileType = sourcecode.c.objc; path = LeftVC.m; sourceTree = "<group>"; };
		8DE578781EFB9AE000DBCE6E /* MiddleVC.h */ = {isa = PBXFileReference; fileEncoding = 4; lastKnownFileType = sourcecode.c.h; path = MiddleVC.h; sourceTree = "<group>"; };
		8DE578791EFB9AE000DBCE6E /* MiddleVC.m */ = {isa = PBXFileReference; fileEncoding = 4; lastKnownFileType = sourcecode.c.objc; path = MiddleVC.m; sourceTree = "<group>"; };
		8DE5787A1EFB9AE000DBCE6E /* RightVC.h */ = {isa = PBXFileReference; fileEncoding = 4; lastKnownFileType = sourcecode.c.h; path = RightVC.h; sourceTree = "<group>"; };
		8DE5787B1EFB9AE000DBCE6E /* RightVC.m */ = {isa = PBXFileReference; fileEncoding = 4; lastKnownFileType = sourcecode.c.objc; path = RightVC.m; sourceTree = "<group>"; };
		8DE5787C1EFB9AE000DBCE6E /* TarBarMainVC.h */ = {isa = PBXFileReference; fileEncoding = 4; lastKnownFileType = sourcecode.c.h; path = TarBarMainVC.h; sourceTree = "<group>"; };
		8DE5787D1EFB9AE000DBCE6E /* TarBarMainVC.m */ = {isa = PBXFileReference; fileEncoding = 4; lastKnownFileType = sourcecode.c.objc; path = TarBarMainVC.m; sourceTree = "<group>"; };
		8DE578831EFB9BFE00DBCE6E /* PushVC.h */ = {isa = PBXFileReference; fileEncoding = 4; lastKnownFileType = sourcecode.c.h; path = PushVC.h; sourceTree = "<group>"; };
		8DE578841EFB9BFE00DBCE6E /* PushVC.m */ = {isa = PBXFileReference; fileEncoding = 4; lastKnownFileType = sourcecode.c.objc; path = PushVC.m; sourceTree = "<group>"; };
		8DE578861EFB9C1000DBCE6E /* PushSecondVC.h */ = {isa = PBXFileReference; fileEncoding = 4; lastKnownFileType = sourcecode.c.h; path = PushSecondVC.h; sourceTree = "<group>"; };
		8DE578871EFB9C1000DBCE6E /* PushSecondVC.m */ = {isa = PBXFileReference; fileEncoding = 4; lastKnownFileType = sourcecode.c.objc; path = PushSecondVC.m; sourceTree = "<group>"; };
		8DE578891EFB9C2000DBCE6E /* PresentVC.h */ = {isa = PBXFileReference; fileEncoding = 4; lastKnownFileType = sourcecode.c.h; path = PresentVC.h; sourceTree = "<group>"; };
		8DE5788A1EFB9C2000DBCE6E /* PresentVC.m */ = {isa = PBXFileReference; fileEncoding = 4; lastKnownFileType = sourcecode.c.objc; path = PresentVC.m; sourceTree = "<group>"; };
		8DE5788C1EFB9C3200DBCE6E /* PresentSecondVC.h */ = {isa = PBXFileReference; fileEncoding = 4; lastKnownFileType = sourcecode.c.h; path = PresentSecondVC.h; sourceTree = "<group>"; };
		8DE5788D1EFB9C3200DBCE6E /* PresentSecondVC.m */ = {isa = PBXFileReference; fileEncoding = 4; lastKnownFileType = sourcecode.c.objc; path = PresentSecondVC.m; sourceTree = "<group>"; };
		8DE5788F1EFBA31300DBCE6E /* Present.storyboard */ = {isa = PBXFileReference; fileEncoding = 4; lastKnownFileType = file.storyboard; path = Present.storyboard; sourceTree = "<group>"; };
		8DE578911EFBA31D00DBCE6E /* Push.storyboard */ = {isa = PBXFileReference; fileEncoding = 4; lastKnownFileType = file.storyboard; path = Push.storyboard; sourceTree = "<group>"; };
		8DE578941EFBC10200DBCE6E /* UIViewController+BLPresentTrasition.h */ = {isa = PBXFileReference; fileEncoding = 4; lastKnownFileType = sourcecode.c.h; path = "UIViewController+BLPresentTrasition.h"; sourceTree = "<group>"; };
		8DE578951EFBC10200DBCE6E /* UIViewController+BLPresentTrasition.m */ = {isa = PBXFileReference; fileEncoding = 4; lastKnownFileType = sourcecode.c.objc; path = "UIViewController+BLPresentTrasition.m"; sourceTree = "<group>"; };
		8DE578971EFBC4BA00DBCE6E /* UINavigationController+BLPushTrasition.h */ = {isa = PBXFileReference; fileEncoding = 4; lastKnownFileType = sourcecode.c.h; path = "UINavigationController+BLPushTrasition.h"; sourceTree = "<group>"; };
		8DE578981EFBC4BA00DBCE6E /* UINavigationController+BLPushTrasition.m */ = {isa = PBXFileReference; fileEncoding = 4; lastKnownFileType = sourcecode.c.objc; path = "UINavigationController+BLPushTrasition.m"; sourceTree = "<group>"; };
/* End PBXFileReference section */

/* Begin PBXFrameworksBuildPhase section */
		8DE577F11EFB9A3200DBCE6E /* Frameworks */ = {
			isa = PBXFrameworksBuildPhase;
			buildActionMask = 2147483647;
			files = (
			);
			runOnlyForDeploymentPostprocessing = 0;
		};
		8DE5780A1EFB9A3200DBCE6E /* Frameworks */ = {
			isa = PBXFrameworksBuildPhase;
			buildActionMask = 2147483647;
			files = (
			);
			runOnlyForDeploymentPostprocessing = 0;
		};
		8DE578151EFB9A3200DBCE6E /* Frameworks */ = {
			isa = PBXFrameworksBuildPhase;
			buildActionMask = 2147483647;
			files = (
			);
			runOnlyForDeploymentPostprocessing = 0;
		};
/* End PBXFrameworksBuildPhase section */

/* Begin PBXGroup section */
		8DE577EB1EFB9A3200DBCE6E = {
			isa = PBXGroup;
			children = (
				8DE577F61EFB9A3200DBCE6E /* BLTransitionAnimatorLib */,
				8DE578101EFB9A3200DBCE6E /* BLTransitionAnimatorLibTests */,
				8DE5781B1EFB9A3200DBCE6E /* BLTransitionAnimatorLibUITests */,
				8DE577F51EFB9A3200DBCE6E /* Products */,
			);
			sourceTree = "<group>";
		};
		8DE577F51EFB9A3200DBCE6E /* Products */ = {
			isa = PBXGroup;
			children = (
				8DE577F41EFB9A3200DBCE6E /* BLTransitionAnimatorLib.app */,
				8DE5780D1EFB9A3200DBCE6E /* BLTransitionAnimatorLibTests.xctest */,
				8DE578181EFB9A3200DBCE6E /* BLTransitionAnimatorLibUITests.xctest */,
			);
			name = Products;
			sourceTree = "<group>";
		};
		8DE577F61EFB9A3200DBCE6E /* BLTransitionAnimatorLib */ = {
			isa = PBXGroup;
			children = (
				8DE578631EFB9AA000DBCE6E /* BL_TrasitionAnimationLib */,
				8DE578621EFB9A7500DBCE6E /* present */,
				8DE578611EFB9A6F00DBCE6E /* push */,
				8DE578601EFB9A6A00DBCE6E /* tabbar */,
				8DE577FA1EFB9A3200DBCE6E /* AppDelegate.h */,
				8DE577FB1EFB9A3200DBCE6E /* AppDelegate.m */,
				8DE577FD1EFB9A3200DBCE6E /* ViewController.h */,
				8DE577FE1EFB9A3200DBCE6E /* ViewController.m */,
				8DE578001EFB9A3200DBCE6E /* Main.storyboard */,
				8DE578031EFB9A3200DBCE6E /* Assets.xcassets */,
				8DE578051EFB9A3200DBCE6E /* LaunchScreen.storyboard */,
				8DE578081EFB9A3200DBCE6E /* Info.plist */,
				8DE577F71EFB9A3200DBCE6E /* Supporting Files */,
			);
			path = BLTransitionAnimatorLib;
			sourceTree = "<group>";
		};
		8DE577F71EFB9A3200DBCE6E /* Supporting Files */ = {
			isa = PBXGroup;
			children = (
				8DE577F81EFB9A3200DBCE6E /* main.m */,
			);
			name = "Supporting Files";
			sourceTree = "<group>";
		};
		8DE578101EFB9A3200DBCE6E /* BLTransitionAnimatorLibTests */ = {
			isa = PBXGroup;
			children = (
				8DE578111EFB9A3200DBCE6E /* BLTransitionAnimatorLibTests.m */,
				8DE578131EFB9A3200DBCE6E /* Info.plist */,
			);
			path = BLTransitionAnimatorLibTests;
			sourceTree = "<group>";
		};
		8DE5781B1EFB9A3200DBCE6E /* BLTransitionAnimatorLibUITests */ = {
			isa = PBXGroup;
			children = (
				8DE5781C1EFB9A3200DBCE6E /* BLTransitionAnimatorLibUITests.m */,
				8DE5781E1EFB9A3200DBCE6E /* Info.plist */,
			);
			path = BLTransitionAnimatorLibUITests;
			sourceTree = "<group>";
		};
		8DE578601EFB9A6A00DBCE6E /* tabbar */ = {
			isa = PBXGroup;
			children = (
				8DE578751EFB9AE000DBCE6E /* tab@2x.png */,
				8DE578761EFB9AE000DBCE6E /* LeftVC.h */,
				8DE578771EFB9AE000DBCE6E /* LeftVC.m */,
				8DE578781EFB9AE000DBCE6E /* MiddleVC.h */,
				8DE578791EFB9AE000DBCE6E /* MiddleVC.m */,
				8DE5787A1EFB9AE000DBCE6E /* RightVC.h */,
				8DE5787B1EFB9AE000DBCE6E /* RightVC.m */,
				8DE5787C1EFB9AE000DBCE6E /* TarBarMainVC.h */,
				8DE5787D1EFB9AE000DBCE6E /* TarBarMainVC.m */,
			);
			name = tabbar;
			sourceTree = "<group>";
		};
		8DE578611EFB9A6F00DBCE6E /* push */ = {
			isa = PBXGroup;
			children = (
				8DE578831EFB9BFE00DBCE6E /* PushVC.h */,
				8DE578841EFB9BFE00DBCE6E /* PushVC.m */,
				8DE578861EFB9C1000DBCE6E /* PushSecondVC.h */,
				8DE578871EFB9C1000DBCE6E /* PushSecondVC.m */,
				8DE578911EFBA31D00DBCE6E /* Push.storyboard */,
			);
			name = push;
			sourceTree = "<group>";
		};
		8DE578621EFB9A7500DBCE6E /* present */ = {
			isa = PBXGroup;
			children = (
				8DE578891EFB9C2000DBCE6E /* PresentVC.h */,
				8DE5788A1EFB9C2000DBCE6E /* PresentVC.m */,
				8DE5788C1EFB9C3200DBCE6E /* PresentSecondVC.h */,
				8DE5788D1EFB9C3200DBCE6E /* PresentSecondVC.m */,
				8DE5788F1EFBA31300DBCE6E /* Present.storyboard */,
			);
			name = present;
			sourceTree = "<group>";
		};
		8DE578631EFB9AA000DBCE6E /* BL_TrasitionAnimationLib */ = {
			isa = PBXGroup;
			children = (
				8DE578641EFB9AD500DBCE6E /* BLTransitionAnimator.h */,
				8DE578651EFB9AD500DBCE6E /* BLTrasitionAnimatorConfig.h */,
				8DE578661EFB9AD500DBCE6E /* BLPushTransitionAnimator.h */,
				8DE578671EFB9AD500DBCE6E /* BLPushTransitionAnimator.m */,
				8DE578681EFB9AD500DBCE6E /* BLPresentTransitionAnimator.h */,
				8DE578691EFB9AD500DBCE6E /* BLPresentTransitionAnimator.m */,
				8DE5786A1EFB9AD500DBCE6E /* BLTabBarTransitionAnimator.h */,
				8DE5786B1EFB9AD500DBCE6E /* BLTabBarTransitionAnimator.m */,
				8DE5786C1EFB9AD500DBCE6E /* BLTransitionInteraction.h */,
				8DE5786D1EFB9AD500DBCE6E /* BLTransitionInteraction.m */,
				8DE578941EFBC10200DBCE6E /* UIViewController+BLPresentTrasition.h */,
				8DE578951EFBC10200DBCE6E /* UIViewController+BLPresentTrasition.m */,
				8DE578971EFBC4BA00DBCE6E /* UINavigationController+BLPushTrasition.h */,
				8DE578981EFBC4BA00DBCE6E /* UINavigationController+BLPushTrasition.m */,
				8D49370C1F00B7750035E913 /* BLDIYTrasitionAnimation.h */,
				8D49370D1F00B7750035E913 /* BLDIYTrasitionAnimation.m */,
			);
			name = BL_TrasitionAnimationLib;
			sourceTree = "<group>";
		};
/* End PBXGroup section */

/* Begin PBXNativeTarget section */
		8DE577F31EFB9A3200DBCE6E /* BLTransitionAnimatorLib */ = {
			isa = PBXNativeTarget;
			buildConfigurationList = 8DE578211EFB9A3200DBCE6E /* Build configuration list for PBXNativeTarget "BLTransitionAnimatorLib" */;
			buildPhases = (
				8DE577F01EFB9A3200DBCE6E /* Sources */,
				8DE577F11EFB9A3200DBCE6E /* Frameworks */,
				8DE577F21EFB9A3200DBCE6E /* Resources */,
			);
			buildRules = (
			);
			dependencies = (
			);
			name = BLTransitionAnimatorLib;
			productName = BLTransitionAnimatorLib;
			productReference = 8DE577F41EFB9A3200DBCE6E /* BLTransitionAnimatorLib.app */;
			productType = "com.apple.product-type.application";
		};
		8DE5780C1EFB9A3200DBCE6E /* BLTransitionAnimatorLibTests */ = {
			isa = PBXNativeTarget;
			buildConfigurationList = 8DE578241EFB9A3200DBCE6E /* Build configuration list for PBXNativeTarget "BLTransitionAnimatorLibTests" */;
			buildPhases = (
				8DE578091EFB9A3200DBCE6E /* Sources */,
				8DE5780A1EFB9A3200DBCE6E /* Frameworks */,
				8DE5780B1EFB9A3200DBCE6E /* Resources */,
			);
			buildRules = (
			);
			dependencies = (
				8DE5780F1EFB9A3200DBCE6E /* PBXTargetDependency */,
			);
			name = BLTransitionAnimatorLibTests;
			productName = BLTransitionAnimatorLibTests;
			productReference = 8DE5780D1EFB9A3200DBCE6E /* BLTransitionAnimatorLibTests.xctest */;
			productType = "com.apple.product-type.bundle.unit-test";
		};
		8DE578171EFB9A3200DBCE6E /* BLTransitionAnimatorLibUITests */ = {
			isa = PBXNativeTarget;
			buildConfigurationList = 8DE578271EFB9A3200DBCE6E /* Build configuration list for PBXNativeTarget "BLTransitionAnimatorLibUITests" */;
			buildPhases = (
				8DE578141EFB9A3200DBCE6E /* Sources */,
				8DE578151EFB9A3200DBCE6E /* Frameworks */,
				8DE578161EFB9A3200DBCE6E /* Resources */,
			);
			buildRules = (
			);
			dependencies = (
				8DE5781A1EFB9A3200DBCE6E /* PBXTargetDependency */,
			);
			name = BLTransitionAnimatorLibUITests;
			productName = BLTransitionAnimatorLibUITests;
			productReference = 8DE578181EFB9A3200DBCE6E /* BLTransitionAnimatorLibUITests.xctest */;
			productType = "com.apple.product-type.bundle.ui-testing";
		};
/* End PBXNativeTarget section */

/* Begin PBXProject section */
		8DE577EC1EFB9A3200DBCE6E /* Project object */ = {
			isa = PBXProject;
			attributes = {
				LastUpgradeCheck = 0830;
				ORGANIZATIONNAME = "冰泪";
				TargetAttributes = {
					8DE577F31EFB9A3200DBCE6E = {
						CreatedOnToolsVersion = 8.3.2;
						ProvisioningStyle = Automatic;
					};
					8DE5780C1EFB9A3200DBCE6E = {
						CreatedOnToolsVersion = 8.3.2;
						ProvisioningStyle = Automatic;
						TestTargetID = 8DE577F31EFB9A3200DBCE6E;
					};
					8DE578171EFB9A3200DBCE6E = {
						CreatedOnToolsVersion = 8.3.2;
						ProvisioningStyle = Automatic;
						TestTargetID = 8DE577F31EFB9A3200DBCE6E;
					};
				};
			};
			buildConfigurationList = 8DE577EF1EFB9A3200DBCE6E /* Build configuration list for PBXProject "BLTransitionAnimatorLib" */;
			compatibilityVersion = "Xcode 3.2";
			developmentRegion = English;
			hasScannedForEncodings = 0;
			knownRegions = (
				en,
				Base,
			);
			mainGroup = 8DE577EB1EFB9A3200DBCE6E;
			productRefGroup = 8DE577F51EFB9A3200DBCE6E /* Products */;
			projectDirPath = "";
			projectRoot = "";
			targets = (
				8DE577F31EFB9A3200DBCE6E /* BLTransitionAnimatorLib */,
				8DE5780C1EFB9A3200DBCE6E /* BLTransitionAnimatorLibTests */,
				8DE578171EFB9A3200DBCE6E /* BLTransitionAnimatorLibUITests */,
			);
		};
/* End PBXProject section */

/* Begin PBXResourcesBuildPhase section */
		8DE577F21EFB9A3200DBCE6E /* Resources */ = {
			isa = PBXResourcesBuildPhase;
			buildActionMask = 2147483647;
			files = (
				8DE578921EFBA31D00DBCE6E /* Push.storyboard in Resources */,
				8DE578071EFB9A3200DBCE6E /* LaunchScreen.storyboard in Resources */,
				8DE578041EFB9A3200DBCE6E /* Assets.xcassets in Resources */,
				8DE5787E1EFB9AE000DBCE6E /* tab@2x.png in Resources */,
				8DE578901EFBA31300DBCE6E /* Present.storyboard in Resources */,
				8DE578021EFB9A3200DBCE6E /* Main.storyboard in Resources */,
			);
			runOnlyForDeploymentPostprocessing = 0;
		};
		8DE5780B1EFB9A3200DBCE6E /* Resources */ = {
			isa = PBXResourcesBuildPhase;
			buildActionMask = 2147483647;
			files = (
			);
			runOnlyForDeploymentPostprocessing = 0;
		};
		8DE578161EFB9A3200DBCE6E /* Resources */ = {
			isa = PBXResourcesBuildPhase;
			buildActionMask = 2147483647;
			files = (
			);
			runOnlyForDeploymentPostprocessing = 0;
		};
/* End PBXResourcesBuildPhase section */

/* Begin PBXSourcesBuildPhase section */
		8DE577F01EFB9A3200DBCE6E /* Sources */ = {
			isa = PBXSourcesBuildPhase;
			buildActionMask = 2147483647;
			files = (
				8DE577FF1EFB9A3200DBCE6E /* ViewController.m in Sources */,
				8DE578961EFBC10200DBCE6E /* UIViewController+BLPresentTrasition.m in Sources */,
				8DE578721EFB9AD500DBCE6E /* BLTabBarTransitionAnimator.m in Sources */,
				8DE5788E1EFB9C3200DBCE6E /* PresentSecondVC.m in Sources */,
				8DE578701EFB9AD500DBCE6E /* BLPushTransitionAnimator.m in Sources */,
				8DE578851EFB9BFE00DBCE6E /* PushVC.m in Sources */,
				8DE578881EFB9C1000DBCE6E /* PushSecondVC.m in Sources */,
				8D49370E1F00B7750035E913 /* BLDIYTrasitionAnimation.m in Sources */,
				8DE578821EFB9AE000DBCE6E /* TarBarMainVC.m in Sources */,
				8DE5787F1EFB9AE000DBCE6E /* LeftVC.m in Sources */,
				8DE577FC1EFB9A3200DBCE6E /* AppDelegate.m in Sources */,
				8DE5788B1EFB9C2000DBCE6E /* PresentVC.m in Sources */,
				8DE578991EFBC4BA00DBCE6E /* UINavigationController+BLPushTrasition.m in Sources */,
				8DE577F91EFB9A3200DBCE6E /* main.m in Sources */,
				8DE578731EFB9AD500DBCE6E /* BLTransitionInteraction.m in Sources */,
				8DE578811EFB9AE000DBCE6E /* RightVC.m in Sources */,
				8DE578711EFB9AD500DBCE6E /* BLPresentTransitionAnimator.m in Sources */,
				8DE578801EFB9AE000DBCE6E /* MiddleVC.m in Sources */,
			);
			runOnlyForDeploymentPostprocessing = 0;
		};
		8DE578091EFB9A3200DBCE6E /* Sources */ = {
			isa = PBXSourcesBuildPhase;
			buildActionMask = 2147483647;
			files = (
				8DE578121EFB9A3200DBCE6E /* BLTransitionAnimatorLibTests.m in Sources */,
			);
			runOnlyForDeploymentPostprocessing = 0;
		};
		8DE578141EFB9A3200DBCE6E /* Sources */ = {
			isa = PBXSourcesBuildPhase;
			buildActionMask = 2147483647;
			files = (
				8DE5781D1EFB9A3200DBCE6E /* BLTransitionAnimatorLibUITests.m in Sources */,
			);
			runOnlyForDeploymentPostprocessing = 0;
		};
/* End PBXSourcesBuildPhase section */

/* Begin PBXTargetDependency section */
		8DE5780F1EFB9A3200DBCE6E /* PBXTargetDependency */ = {
			isa = PBXTargetDependency;
			target = 8DE577F31EFB9A3200DBCE6E /* BLTransitionAnimatorLib */;
			targetProxy = 8DE5780E1EFB9A3200DBCE6E /* PBXContainerItemProxy */;
		};
		8DE5781A1EFB9A3200DBCE6E /* PBXTargetDependency */ = {
			isa = PBXTargetDependency;
			target = 8DE577F31EFB9A3200DBCE6E /* BLTransitionAnimatorLib */;
			targetProxy = 8DE578191EFB9A3200DBCE6E /* PBXContainerItemProxy */;
		};
/* End PBXTargetDependency section */

/* Begin PBXVariantGroup section */
		8DE578001EFB9A3200DBCE6E /* Main.storyboard */ = {
			isa = PBXVariantGroup;
			children = (
				8DE578011EFB9A3200DBCE6E /* Base */,
			);
			name = Main.storyboard;
			sourceTree = "<group>";
		};
		8DE578051EFB9A3200DBCE6E /* LaunchScreen.storyboard */ = {
			isa = PBXVariantGroup;
			children = (
				8DE578061EFB9A3200DBCE6E /* Base */,
			);
			name = LaunchScreen.storyboard;
			sourceTree = "<group>";
		};
/* End PBXVariantGroup section */

/* Begin XCBuildConfiguration section */
		8DE5781F1EFB9A3200DBCE6E /* Debug */ = {
			isa = XCBuildConfiguration;
			buildSettings = {
				ALWAYS_SEARCH_USER_PATHS = NO;
				CLANG_ANALYZER_NONNULL = YES;
				CLANG_ANALYZER_NUMBER_OBJECT_CONVERSION = YES_AGGRESSIVE;
				CLANG_CXX_LANGUAGE_STANDARD = "gnu++0x";
				CLANG_CXX_LIBRARY = "libc++";
				CLANG_ENABLE_MODULES = YES;
				CLANG_ENABLE_OBJC_ARC = YES;
				CLANG_WARN_BOOL_CONVERSION = YES;
				CLANG_WARN_CONSTANT_CONVERSION = YES;
				CLANG_WARN_DIRECT_OBJC_ISA_USAGE = YES_ERROR;
				CLANG_WARN_DOCUMENTATION_COMMENTS = YES;
				CLANG_WARN_EMPTY_BODY = YES;
				CLANG_WARN_ENUM_CONVERSION = YES;
				CLANG_WARN_INFINITE_RECURSION = YES;
				CLANG_WARN_INT_CONVERSION = YES;
				CLANG_WARN_OBJC_ROOT_CLASS = YES_ERROR;
				CLANG_WARN_SUSPICIOUS_MOVE = YES;
				CLANG_WARN_UNREACHABLE_CODE = YES;
				CLANG_WARN__DUPLICATE_METHOD_MATCH = YES;
				"CODE_SIGN_IDENTITY[sdk=iphoneos*]" = "iPhone Developer";
				COPY_PHASE_STRIP = NO;
				DEBUG_INFORMATION_FORMAT = dwarf;
				ENABLE_STRICT_OBJC_MSGSEND = YES;
				ENABLE_TESTABILITY = YES;
				GCC_C_LANGUAGE_STANDARD = gnu99;
				GCC_DYNAMIC_NO_PIC = NO;
				GCC_NO_COMMON_BLOCKS = YES;
				GCC_OPTIMIZATION_LEVEL = 0;
				GCC_PREPROCESSOR_DEFINITIONS = (
					"DEBUG=1",
					"$(inherited)",
				);
				GCC_WARN_64_TO_32_BIT_CONVERSION = YES;
				GCC_WARN_ABOUT_RETURN_TYPE = YES_ERROR;
				GCC_WARN_UNDECLARED_SELECTOR = YES;
				GCC_WARN_UNINITIALIZED_AUTOS = YES_AGGRESSIVE;
				GCC_WARN_UNUSED_FUNCTION = YES;
				GCC_WARN_UNUSED_VARIABLE = YES;
				IPHONEOS_DEPLOYMENT_TARGET = 10.3;
				MTL_ENABLE_DEBUG_INFO = YES;
				ONLY_ACTIVE_ARCH = YES;
				SDKROOT = iphoneos;
			};
			name = Debug;
		};
		8DE578201EFB9A3200DBCE6E /* Release */ = {
			isa = XCBuildConfiguration;
			buildSettings = {
				ALWAYS_SEARCH_USER_PATHS = NO;
				CLANG_ANALYZER_NONNULL = YES;
				CLANG_ANALYZER_NUMBER_OBJECT_CONVERSION = YES_AGGRESSIVE;
				CLANG_CXX_LANGUAGE_STANDARD = "gnu++0x";
				CLANG_CXX_LIBRARY = "libc++";
				CLANG_ENABLE_MODULES = YES;
				CLANG_ENABLE_OBJC_ARC = YES;
				CLANG_WARN_BOOL_CONVERSION = YES;
				CLANG_WARN_CONSTANT_CONVERSION = YES;
				CLANG_WARN_DIRECT_OBJC_ISA_USAGE = YES_ERROR;
				CLANG_WARN_DOCUMENTATION_COMMENTS = YES;
				CLANG_WARN_EMPTY_BODY = YES;
				CLANG_WARN_ENUM_CONVERSION = YES;
				CLANG_WARN_INFINITE_RECURSION = YES;
				CLANG_WARN_INT_CONVERSION = YES;
				CLANG_WARN_OBJC_ROOT_CLASS = YES_ERROR;
				CLANG_WARN_SUSPICIOUS_MOVE = YES;
				CLANG_WARN_UNREACHABLE_CODE = YES;
				CLANG_WARN__DUPLICATE_METHOD_MATCH = YES;
				"CODE_SIGN_IDENTITY[sdk=iphoneos*]" = "iPhone Developer";
				COPY_PHASE_STRIP = NO;
				DEBUG_INFORMATION_FORMAT = "dwarf-with-dsym";
				ENABLE_NS_ASSERTIONS = NO;
				ENABLE_STRICT_OBJC_MSGSEND = YES;
				GCC_C_LANGUAGE_STANDARD = gnu99;
				GCC_NO_COMMON_BLOCKS = YES;
				GCC_WARN_64_TO_32_BIT_CONVERSION = YES;
				GCC_WARN_ABOUT_RETURN_TYPE = YES_ERROR;
				GCC_WARN_UNDECLARED_SELECTOR = YES;
				GCC_WARN_UNINITIALIZED_AUTOS = YES_AGGRESSIVE;
				GCC_WARN_UNUSED_FUNCTION = YES;
				GCC_WARN_UNUSED_VARIABLE = YES;
				IPHONEOS_DEPLOYMENT_TARGET = 10.3;
				MTL_ENABLE_DEBUG_INFO = NO;
				SDKROOT = iphoneos;
				VALIDATE_PRODUCT = YES;
			};
			name = Release;
		};
		8DE578221EFB9A3200DBCE6E /* Debug */ = {
			isa = XCBuildConfiguration;
			buildSettings = {
				ASSETCATALOG_COMPILER_APPICON_NAME = AppIcon;
				INFOPLIST_FILE = BLTransitionAnimatorLib/Info.plist;
				IPHONEOS_DEPLOYMENT_TARGET = 9.0;
				LD_RUNPATH_SEARCH_PATHS = "$(inherited) @executable_path/Frameworks";
				PRODUCT_BUNDLE_IDENTIFIER = binglei.BLTransitionAnimatorLib;
				PRODUCT_NAME = "$(TARGET_NAME)";
			};
			name = Debug;
		};
		8DE578231EFB9A3200DBCE6E /* Release */ = {
			isa = XCBuildConfiguration;
			buildSettings = {
				ASSETCATALOG_COMPILER_APPICON_NAME = AppIcon;
				INFOPLIST_FILE = BLTransitionAnimatorLib/Info.plist;
				IPHONEOS_DEPLOYMENT_TARGET = 9.0;
				LD_RUNPATH_SEARCH_PATHS = "$(inherited) @executable_path/Frameworks";
				PRODUCT_BUNDLE_IDENTIFIER = binglei.BLTransitionAnimatorLib;
				PRODUCT_NAME = "$(TARGET_NAME)";
			};
			name = Release;
		};
		8DE578251EFB9A3200DBCE6E /* Debug */ = {
			isa = XCBuildConfiguration;
			buildSettings = {
				BUNDLE_LOADER = "$(TEST_HOST)";
				INFOPLIST_FILE = BLTransitionAnimatorLibTests/Info.plist;
				LD_RUNPATH_SEARCH_PATHS = "$(inherited) @executable_path/Frameworks @loader_path/Frameworks";
				PRODUCT_BUNDLE_IDENTIFIER = binglei.BLTransitionAnimatorLibTests;
				PRODUCT_NAME = "$(TARGET_NAME)";
				TEST_HOST = "$(BUILT_PRODUCTS_DIR)/BLTransitionAnimatorLib.app/BLTransitionAnimatorLib";
			};
			name = Debug;
		};
		8DE578261EFB9A3200DBCE6E /* Release */ = {
			isa = XCBuildConfiguration;
			buildSettings = {
				BUNDLE_LOADER = "$(TEST_HOST)";
				INFOPLIST_FILE = BLTransitionAnimatorLibTests/Info.plist;
				LD_RUNPATH_SEARCH_PATHS = "$(inherited) @executable_path/Frameworks @loader_path/Frameworks";
				PRODUCT_BUNDLE_IDENTIFIER = binglei.BLTransitionAnimatorLibTests;
				PRODUCT_NAME = "$(TARGET_NAME)";
				TEST_HOST = "$(BUILT_PRODUCTS_DIR)/BLTransitionAnimatorLib.app/BLTransitionAnimatorLib";
			};
			name = Release;
		};
		8DE578281EFB9A3200DBCE6E /* Debug */ = {
			isa = XCBuildConfiguration;
			buildSettings = {
				INFOPLIST_FILE = BLTransitionAnimatorLibUITests/Info.plist;
				LD_RUNPATH_SEARCH_PATHS = "$(inherited) @executable_path/Frameworks @loader_path/Frameworks";
				PRODUCT_BUNDLE_IDENTIFIER = binglei.BLTransitionAnimatorLibUITests;
				PRODUCT_NAME = "$(TARGET_NAME)";
				TEST_TARGET_NAME = BLTransitionAnimatorLib;
			};
			name = Debug;
		};
		8DE578291EFB9A3200DBCE6E /* Release */ = {
			isa = XCBuildConfiguration;
			buildSettings = {
				INFOPLIST_FILE = BLTransitionAnimatorLibUITests/Info.plist;
				LD_RUNPATH_SEARCH_PATHS = "$(inherited) @executable_path/Frameworks @loader_path/Frameworks";
				PRODUCT_BUNDLE_IDENTIFIER = binglei.BLTransitionAnimatorLibUITests;
				PRODUCT_NAME = "$(TARGET_NAME)";
				TEST_TARGET_NAME = BLTransitionAnimatorLib;
			};
			name = Release;
		};
/* End XCBuildConfiguration section */

/* Begin XCConfigurationList section */
		8DE577EF1EFB9A3200DBCE6E /* Build configuration list for PBXProject "BLTransitionAnimatorLib" */ = {
			isa = XCConfigurationList;
			buildConfigurations = (
				8DE5781F1EFB9A3200DBCE6E /* Debug */,
				8DE578201EFB9A3200DBCE6E /* Release */,
			);
			defaultConfigurationIsVisible = 0;
			defaultConfigurationName = Release;
		};
		8DE578211EFB9A3200DBCE6E /* Build configuration list for PBXNativeTarget "BLTransitionAnimatorLib" */ = {
			isa = XCConfigurationList;
			buildConfigurations = (
				8DE578221EFB9A3200DBCE6E /* Debug */,
				8DE578231EFB9A3200DBCE6E /* Release */,
			);
			defaultConfigurationIsVisible = 0;
			defaultConfigurationName = Release;
		};
		8DE578241EFB9A3200DBCE6E /* Build configuration list for PBXNativeTarget "BLTransitionAnimatorLibTests" */ = {
			isa = XCConfigurationList;
			buildConfigurations = (
				8DE578251EFB9A3200DBCE6E /* Debug */,
				8DE578261EFB9A3200DBCE6E /* Release */,
			);
			defaultConfigurationIsVisible = 0;
			defaultConfigurationName = Release;
		};
		8DE578271EFB9A3200DBCE6E /* Build configuration list for PBXNativeTarget "BLTransitionAnimatorLibUITests" */ = {
			isa = XCConfigurationList;
			buildConfigurations = (
				8DE578281EFB9A3200DBCE6E /* Debug */,
				8DE578291EFB9A3200DBCE6E /* Release */,
			);
			defaultConfigurationIsVisible = 0;
			defaultConfigurationName = Release;
		};
/* End XCConfigurationList section */
	};
	rootObject = 8DE577EC1EFB9A3200DBCE6E /* Project object */;
}
